// !$*UTF8*$!
{
	archiveVersion = 1;
	classes = {
	};
	objectVersion = 56;
	objects = {

/* Begin PBXBuildFile section */
		B91527D92C7982E300A4AF5D /* HealthHelper.swift in Sources */ = {isa = PBXBuildFile; fileRef = B91527D82C7982E300A4AF5D /* HealthHelper.swift */; };
		B91B4F892C79761F00749A98 /* HealthFetch.swift in Sources */ = {isa = PBXBuildFile; fileRef = B91B4F882C79761F00749A98 /* HealthFetch.swift */; };
		B93946322C7657630037C35A /* SolisApp.swift in Sources */ = {isa = PBXBuildFile; fileRef = B93946312C7657630037C35A /* SolisApp.swift */; };
		B93946362C7657640037C35A /* Assets.xcassets in Resources */ = {isa = PBXBuildFile; fileRef = B93946352C7657640037C35A /* Assets.xcassets */; };
		B93946392C7657640037C35A /* Preview Assets.xcassets in Resources */ = {isa = PBXBuildFile; fileRef = B93946382C7657640037C35A /* Preview Assets.xcassets */; };
		B9637E9A2C76A5DC00CCD24E /* HomeView.swift in Sources */ = {isa = PBXBuildFile; fileRef = B9637E992C76A5DC00CCD24E /* HomeView.swift */; };
		B9637E9C2C77CAE400CCD24E /* SIzes.swift in Sources */ = {isa = PBXBuildFile; fileRef = B9637E9B2C77CAE400CCD24E /* SIzes.swift */; };
		B9637E9F2C78ED8F00CCD24E /* HealthManager.swift in Sources */ = {isa = PBXBuildFile; fileRef = B9637E9E2C78ED8F00CCD24E /* HealthManager.swift */; };
/* End PBXBuildFile section */

/* Begin PBXFileReference section */
		B9095A132C7D256300A4E6A9 /* Info.plist */ = {isa = PBXFileReference; lastKnownFileType = text.plist; path = Info.plist; sourceTree = "<group>"; };
		B91527D82C7982E300A4AF5D /* HealthHelper.swift */ = {isa = PBXFileReference; lastKnownFileType = sourcecode.swift; path = HealthHelper.swift; sourceTree = "<group>"; };
		B91B4F882C79761F00749A98 /* HealthFetch.swift */ = {isa = PBXFileReference; lastKnownFileType = sourcecode.swift; path = HealthFetch.swift; sourceTree = "<group>"; };
		B939462E2C7657630037C35A /* Solis.app */ = {isa = PBXFileReference; explicitFileType = wrapper.application; includeInIndex = 0; path = Solis.app; sourceTree = BUILT_PRODUCTS_DIR; };
		B93946312C7657630037C35A /* SolisApp.swift */ = {isa = PBXFileReference; lastKnownFileType = sourcecode.swift; path = SolisApp.swift; sourceTree = "<group>"; };
		B93946352C7657640037C35A /* Assets.xcassets */ = {isa = PBXFileReference; lastKnownFileType = folder.assetcatalog; path = Assets.xcassets; sourceTree = "<group>"; };
		B93946382C7657640037C35A /* Preview Assets.xcassets */ = {isa = PBXFileReference; lastKnownFileType = folder.assetcatalog; path = "Preview Assets.xcassets"; sourceTree = "<group>"; };
		B9637E992C76A5DC00CCD24E /* HomeView.swift */ = {isa = PBXFileReference; lastKnownFileType = sourcecode.swift; path = HomeView.swift; sourceTree = "<group>"; };
		B9637E9B2C77CAE400CCD24E /* SIzes.swift */ = {isa = PBXFileReference; lastKnownFileType = sourcecode.swift; path = SIzes.swift; sourceTree = "<group>"; };
		B9637E9E2C78ED8F00CCD24E /* HealthManager.swift */ = {isa = PBXFileReference; lastKnownFileType = sourcecode.swift; path = HealthManager.swift; sourceTree = "<group>"; };
		B9637EA02C78EDD300CCD24E /* Solis.entitlements */ = {isa = PBXFileReference; lastKnownFileType = text.plist.entitlements; path = Solis.entitlements; sourceTree = "<group>"; };
/* End PBXFileReference section */

/* Begin PBXFrameworksBuildPhase section */
		B939462B2C7657630037C35A /* Frameworks */ = {
			isa = PBXFrameworksBuildPhase;
			buildActionMask = 2147483647;
			files = (
			);
			runOnlyForDeploymentPostprocessing = 0;
		};
/* End PBXFrameworksBuildPhase section */

/* Begin PBXGroup section */
		B9333B112C76A10700FC796E /* Assets */ = {
			isa = PBXGroup;
			children = (
				B93946372C7657640037C35A /* Preview Content */,
				B93946352C7657640037C35A /* Assets.xcassets */,
				B9637E9B2C77CAE400CCD24E /* SIzes.swift */,
			);
			path = Assets;
			sourceTree = "<group>";
		};
		B9333B122C76A1AF00FC796E /* Modules */ = {
			isa = PBXGroup;
			children = (
				B9333B182C76A1FD00FC796E /* Home */,
				B9637E9D2C78ED7D00CCD24E /* HealthKit */,
			);
			path = Modules;
			sourceTree = "<group>";
		};
		B9333B182C76A1FD00FC796E /* Home */ = {
			isa = PBXGroup;
			children = (
				B9637E992C76A5DC00CCD24E /* HomeView.swift */,
			);
			path = Home;
			sourceTree = "<group>";
		};
		B93946252C7657630037C35A = {
			isa = PBXGroup;
			children = (
				B93946302C7657630037C35A /* Solis */,
				B939462F2C7657630037C35A /* Products */,
			);
			sourceTree = "<group>";
		};
		B939462F2C7657630037C35A /* Products */ = {
			isa = PBXGroup;
			children = (
				B939462E2C7657630037C35A /* Solis.app */,
			);
			name = Products;
			sourceTree = "<group>";
		};
		B93946302C7657630037C35A /* Solis */ = {
			isa = PBXGroup;
			children = (
				B9095A132C7D256300A4E6A9 /* Info.plist */,
				B9637EA02C78EDD300CCD24E /* Solis.entitlements */,
				B93946312C7657630037C35A /* SolisApp.swift */,
				B9333B122C76A1AF00FC796E /* Modules */,
				B9333B112C76A10700FC796E /* Assets */,
			);
			path = Solis;
			sourceTree = "<group>";
		};
		B93946372C7657640037C35A /* Preview Content */ = {
			isa = PBXGroup;
			children = (
				B93946382C7657640037C35A /* Preview Assets.xcassets */,
			);
			path = "Preview Content";
			sourceTree = "<group>";
		};
		B9637E9D2C78ED7D00CCD24E /* HealthKit */ = {
			isa = PBXGroup;
			children = (
				B91B4F882C79761F00749A98 /* HealthFetch.swift */,
				B91527D82C7982E300A4AF5D /* HealthHelper.swift */,
				B9637E9E2C78ED8F00CCD24E /* HealthManager.swift */,
			);
			path = HealthKit;
			sourceTree = "<group>";
		};
/* End PBXGroup section */

/* Begin PBXNativeTarget section */
		B939462D2C7657630037C35A /* Solis */ = {
			isa = PBXNativeTarget;
			buildConfigurationList = B939463C2C7657640037C35A /* Build configuration list for PBXNativeTarget "Solis" */;
			buildPhases = (
				B939462A2C7657630037C35A /* Sources */,
				B939462B2C7657630037C35A /* Frameworks */,
				B939462C2C7657630037C35A /* Resources */,
			);
			buildRules = (
			);
			dependencies = (
			);
			name = Solis;
			productName = Solis;
			productReference = B939462E2C7657630037C35A /* Solis.app */;
			productType = "com.apple.product-type.application";
		};
/* End PBXNativeTarget section */

/* Begin PBXProject section */
		B93946262C7657630037C35A /* Project object */ = {
			isa = PBXProject;
			attributes = {
				BuildIndependentTargetsInParallel = 1;
				LastSwiftUpdateCheck = 1540;
				LastUpgradeCheck = 1540;
				TargetAttributes = {
					B939462D2C7657630037C35A = {
						CreatedOnToolsVersion = 15.4;
					};
				};
			};
			buildConfigurationList = B93946292C7657630037C35A /* Build configuration list for PBXProject "Solis" */;
			compatibilityVersion = "Xcode 14.0";
			developmentRegion = en;
			hasScannedForEncodings = 0;
			knownRegions = (
				en,
				Base,
			);
			mainGroup = B93946252C7657630037C35A;
			productRefGroup = B939462F2C7657630037C35A /* Products */;
			projectDirPath = "";
			projectRoot = "";
			targets = (
				B939462D2C7657630037C35A /* Solis */,
			);
		};
/* End PBXProject section */

/* Begin PBXResourcesBuildPhase section */
		B939462C2C7657630037C35A /* Resources */ = {
			isa = PBXResourcesBuildPhase;
			buildActionMask = 2147483647;
			files = (
				B93946392C7657640037C35A /* Preview Assets.xcassets in Resources */,
				B93946362C7657640037C35A /* Assets.xcassets in Resources */,
			);
			runOnlyForDeploymentPostprocessing = 0;
		};
/* End PBXResourcesBuildPhase section */

/* Begin PBXSourcesBuildPhase section */
		B939462A2C7657630037C35A /* Sources */ = {
			isa = PBXSourcesBuildPhase;
			buildActionMask = 2147483647;
			files = (
				B91527D92C7982E300A4AF5D /* HealthHelper.swift in Sources */,
				B9637E9C2C77CAE400CCD24E /* SIzes.swift in Sources */,
				B91B4F892C79761F00749A98 /* HealthFetch.swift in Sources */,
				B93946322C7657630037C35A /* SolisApp.swift in Sources */,
				B9637E9A2C76A5DC00CCD24E /* HomeView.swift in Sources */,
				B9637E9F2C78ED8F00CCD24E /* HealthManager.swift in Sources */,
			);
			runOnlyForDeploymentPostprocessing = 0;
		};
/* End PBXSourcesBuildPhase section */

/* Begin XCBuildConfiguration section */
		B939463A2C7657640037C35A /* Debug */ = {
			isa = XCBuildConfiguration;
			buildSettings = {
				ALWAYS_SEARCH_USER_PATHS = NO;
				ASSETCATALOG_COMPILER_GENERATE_SWIFT_ASSET_SYMBOL_EXTENSIONS = YES;
				CLANG_ANALYZER_NONNULL = YES;
				CLANG_ANALYZER_NUMBER_OBJECT_CONVERSION = YES_AGGRESSIVE;
				CLANG_CXX_LANGUAGE_STANDARD = "gnu++20";
				CLANG_ENABLE_MODULES = YES;
				CLANG_ENABLE_OBJC_ARC = YES;
				CLANG_ENABLE_OBJC_WEAK = YES;
				CLANG_WARN_BLOCK_CAPTURE_AUTORELEASING = YES;
				CLANG_WARN_BOOL_CONVERSION = YES;
				CLANG_WARN_COMMA = YES;
				CLANG_WARN_CONSTANT_CONVERSION = YES;
				CLANG_WARN_DEPRECATED_OBJC_IMPLEMENTATIONS = YES;
				CLANG_WARN_DIRECT_OBJC_ISA_USAGE = YES_ERROR;
				CLANG_WARN_DOCUMENTATION_COMMENTS = YES;
				CLANG_WARN_EMPTY_BODY = YES;
				CLANG_WARN_ENUM_CONVERSION = YES;
				CLANG_WARN_INFINITE_RECURSION = YES;
				CLANG_WARN_INT_CONVERSION = YES;
				CLANG_WARN_NON_LITERAL_NULL_CONVERSION = YES;
				CLANG_WARN_OBJC_IMPLICIT_RETAIN_SELF = YES;
				CLANG_WARN_OBJC_LITERAL_CONVERSION = YES;
				CLANG_WARN_OBJC_ROOT_CLASS = YES_ERROR;
				CLANG_WARN_QUOTED_INCLUDE_IN_FRAMEWORK_HEADER = YES;
				CLANG_WARN_RANGE_LOOP_ANALYSIS = YES;
				CLANG_WARN_STRICT_PROTOTYPES = YES;
				CLANG_WARN_SUSPICIOUS_MOVE = YES;
				CLANG_WARN_UNGUARDED_AVAILABILITY = YES_AGGRESSIVE;
				CLANG_WARN_UNREACHABLE_CODE = YES;
				CLANG_WARN__DUPLICATE_METHOD_MATCH = YES;
				COPY_PHASE_STRIP = NO;
				DEBUG_INFORMATION_FORMAT = dwarf;
				ENABLE_STRICT_OBJC_MSGSEND = YES;
				ENABLE_TESTABILITY = YES;
				ENABLE_USER_SCRIPT_SANDBOXING = YES;
				GCC_C_LANGUAGE_STANDARD = gnu17;
				GCC_DYNAMIC_NO_PIC = NO;
				GCC_NO_COMMON_BLOCKS = YES;
				GCC_OPTIMIZATION_LEVEL = 0;
				GCC_PREPROCESSOR_DEFINITIONS = (
					"DEBUG=1",
					"$(inherited)",
				);
				GCC_WARN_64_TO_32_BIT_CONVERSION = YES;
				GCC_WARN_ABOUT_RETURN_TYPE = YES_ERROR;
				GCC_WARN_UNDECLARED_SELECTOR = YES;
				GCC_WARN_UNINITIALIZED_AUTOS = YES_AGGRESSIVE;
				GCC_WARN_UNUSED_FUNCTION = YES;
				GCC_WARN_UNUSED_VARIABLE = YES;
				IPHONEOS_DEPLOYMENT_TARGET = 17.5;
				LOCALIZATION_PREFERS_STRING_CATALOGS = YES;
				MTL_ENABLE_DEBUG_INFO = INCLUDE_SOURCE;
				MTL_FAST_MATH = YES;
				ONLY_ACTIVE_ARCH = YES;
				SDKROOT = iphoneos;
				SWIFT_ACTIVE_COMPILATION_CONDITIONS = "DEBUG $(inherited)";
				SWIFT_OPTIMIZATION_LEVEL = "-Onone";
			};
			name = Debug;
		};
		B939463B2C7657640037C35A /* Release */ = {
			isa = XCBuildConfiguration;
			buildSettings = {
				ALWAYS_SEARCH_USER_PATHS = NO;
				ASSETCATALOG_COMPILER_GENERATE_SWIFT_ASSET_SYMBOL_EXTENSIONS = YES;
				CLANG_ANALYZER_NONNULL = YES;
				CLANG_ANALYZER_NUMBER_OBJECT_CONVERSION = YES_AGGRESSIVE;
				CLANG_CXX_LANGUAGE_STANDARD = "gnu++20";
				CLANG_ENABLE_MODULES = YES;
				CLANG_ENABLE_OBJC_ARC = YES;
				CLANG_ENABLE_OBJC_WEAK = YES;
				CLANG_WARN_BLOCK_CAPTURE_AUTORELEASING = YES;
				CLANG_WARN_BOOL_CONVERSION = YES;
				CLANG_WARN_COMMA = YES;
				CLANG_WARN_CONSTANT_CONVERSION = YES;
				CLANG_WARN_DEPRECATED_OBJC_IMPLEMENTATIONS = YES;
				CLANG_WARN_DIRECT_OBJC_ISA_USAGE = YES_ERROR;
				CLANG_WARN_DOCUMENTATION_COMMENTS = YES;
				CLANG_WARN_EMPTY_BODY = YES;
				CLANG_WARN_ENUM_CONVERSION = YES;
				CLANG_WARN_INFINITE_RECURSION = YES;
				CLANG_WARN_INT_CONVERSION = YES;
				CLANG_WARN_NON_LITERAL_NULL_CONVERSION = YES;
				CLANG_WARN_OBJC_IMPLICIT_RETAIN_SELF = YES;
				CLANG_WARN_OBJC_LITERAL_CONVERSION = YES;
				CLANG_WARN_OBJC_ROOT_CLASS = YES_ERROR;
				CLANG_WARN_QUOTED_INCLUDE_IN_FRAMEWORK_HEADER = YES;
				CLANG_WARN_RANGE_LOOP_ANALYSIS = YES;
				CLANG_WARN_STRICT_PROTOTYPES = YES;
				CLANG_WARN_SUSPICIOUS_MOVE = YES;
				CLANG_WARN_UNGUARDED_AVAILABILITY = YES_AGGRESSIVE;
				CLANG_WARN_UNREACHABLE_CODE = YES;
				CLANG_WARN__DUPLICATE_METHOD_MATCH = YES;
				COPY_PHASE_STRIP = NO;
				DEBUG_INFORMATION_FORMAT = "dwarf-with-dsym";
				ENABLE_NS_ASSERTIONS = NO;
				ENABLE_STRICT_OBJC_MSGSEND = YES;
				ENABLE_USER_SCRIPT_SANDBOXING = YES;
				GCC_C_LANGUAGE_STANDARD = gnu17;
				GCC_NO_COMMON_BLOCKS = YES;
				GCC_WARN_64_TO_32_BIT_CONVERSION = YES;
				GCC_WARN_ABOUT_RETURN_TYPE = YES_ERROR;
				GCC_WARN_UNDECLARED_SELECTOR = YES;
				GCC_WARN_UNINITIALIZED_AUTOS = YES_AGGRESSIVE;
				GCC_WARN_UNUSED_FUNCTION = YES;
				GCC_WARN_UNUSED_VARIABLE = YES;
				IPHONEOS_DEPLOYMENT_TARGET = 17.5;
				LOCALIZATION_PREFERS_STRING_CATALOGS = YES;
				MTL_ENABLE_DEBUG_INFO = NO;
				MTL_FAST_MATH = YES;
				SDKROOT = iphoneos;
				SWIFT_COMPILATION_MODE = wholemodule;
				VALIDATE_PRODUCT = YES;
			};
			name = Release;
		};
		B939463D2C7657640037C35A /* Debug */ = {
			isa = XCBuildConfiguration;
			buildSettings = {
				ASSETCATALOG_COMPILER_APPICON_NAME = AppIcon;
				ASSETCATALOG_COMPILER_GLOBAL_ACCENT_COLOR_NAME = AccentColor;
				CODE_SIGN_ENTITLEMENTS = Solis/Solis.entitlements;
				CODE_SIGN_STYLE = Automatic;
				CURRENT_PROJECT_VERSION = 1;
				DEVELOPMENT_ASSET_PATHS = "\"Solis/Assets/Preview Content\"";
				DEVELOPMENT_TEAM = 6R2E9P9EPV;
				ENABLE_PREVIEWS = YES;
				GENERATE_INFOPLIST_FILE = YES;
				INFOPLIST_FILE = Solis/Info.plist;
				INFOPLIST_KEY_CFBundleDisplayName = Solis;
				INFOPLIST_KEY_NSHealthClinicalHealthRecordsShareUsageDescription = "Solis uses your Health data to display weight and step counts";
				INFOPLIST_KEY_NSHealthShareUsageDescription = "Solis uses your Health data to display weight and step counts";
				INFOPLIST_KEY_UIApplicationSceneManifest_Generation = YES;
				INFOPLIST_KEY_UIApplicationSupportsIndirectInputEvents = YES;
				INFOPLIST_KEY_UILaunchScreen_Generation = YES;
				INFOPLIST_KEY_UISupportedInterfaceOrientations = UIInterfaceOrientationPortrait;
				INFOPLIST_KEY_UISupportedInterfaceOrientations_iPad = "UIInterfaceOrientationLandscapeLeft UIInterfaceOrientationLandscapeRight UIInterfaceOrientationPortrait UIInterfaceOrientationPortraitUpsideDown";
				IPHONEOS_DEPLOYMENT_TARGET = 17.0;
				LD_RUNPATH_SEARCH_PATHS = (
					"$(inherited)",
					"@executable_path/Frameworks",
				);
				MARKETING_VERSION = 1.0;
				PRODUCT_BUNDLE_IDENTIFIER = waked.solis;
				PRODUCT_NAME = "$(TARGET_NAME)";
				SUPPORTED_PLATFORMS = "iphoneos iphonesimulator";
				SUPPORTS_MACCATALYST = NO;
				SUPPORTS_MAC_DESIGNED_FOR_IPHONE_IPAD = NO;
				SUPPORTS_XR_DESIGNED_FOR_IPHONE_IPAD = NO;
				SWIFT_EMIT_LOC_STRINGS = YES;
				SWIFT_VERSION = 5.0;
				TARGETED_DEVICE_FAMILY = 1;
			};
			name = Debug;
		};
		B939463E2C7657640037C35A /* Release */ = {
			isa = XCBuildConfiguration;
			buildSettings = {
				ASSETCATALOG_COMPILER_APPICON_NAME = AppIcon;
				ASSETCATALOG_COMPILER_GLOBAL_ACCENT_COLOR_NAME = AccentColor;
				CODE_SIGN_ENTITLEMENTS = Solis/Solis.entitlements;
				CODE_SIGN_STYLE = Automatic;
				CURRENT_PROJECT_VERSION = 1;
				DEVELOPMENT_ASSET_PATHS = "\"Solis/Assets/Preview Content\"";
				DEVELOPMENT_TEAM = 6R2E9P9EPV;
				ENABLE_PREVIEWS = YES;
				GENERATE_INFOPLIST_FILE = YES;
				INFOPLIST_FILE = Solis/Info.plist;
				INFOPLIST_KEY_CFBundleDisplayName = Solis;
				INFOPLIST_KEY_NSHealthClinicalHealthRecordsShareUsageDescription = "Solis uses your Health data to display weight and step counts";
				INFOPLIST_KEY_NSHealthShareUsageDescription = "Solis uses your Health data to display weight and step counts";
				INFOPLIST_KEY_UIApplicationSceneManifest_Generation = YES;
				INFOPLIST_KEY_UIApplicationSupportsIndirectInputEvents = YES;
				INFOPLIST_KEY_UILaunchScreen_Generation = YES;
				INFOPLIST_KEY_UISupportedInterfaceOrientations = UIInterfaceOrientationPortrait;
				INFOPLIST_KEY_UISupportedInterfaceOrientations_iPad = "UIInterfaceOrientationLandscapeLeft UIInterfaceOrientationLandscapeRight UIInterfaceOrientationPortrait UIInterfaceOrientationPortraitUpsideDown";
				IPHONEOS_DEPLOYMENT_TARGET = 17.0;
				LD_RUNPATH_SEARCH_PATHS = (
					"$(inherited)",
					"@executable_path/Frameworks",
				);
				MARKETING_VERSION = 1.0;
				PRODUCT_BUNDLE_IDENTIFIER = waked.solis;
				PRODUCT_NAME = "$(TARGET_NAME)";
				SUPPORTED_PLATFORMS = "iphoneos iphonesimulator";
				SUPPORTS_MACCATALYST = NO;
				SUPPORTS_MAC_DESIGNED_FOR_IPHONE_IPAD = NO;
				SUPPORTS_XR_DESIGNED_FOR_IPHONE_IPAD = NO;
				SWIFT_EMIT_LOC_STRINGS = YES;
				SWIFT_VERSION = 5.0;
				TARGETED_DEVICE_FAMILY = 1;
			};
			name = Release;
		};
/* End XCBuildConfiguration section */

/* Begin XCConfigurationList section */
		B93946292C7657630037C35A /* Build configuration list for PBXProject "Solis" */ = {
			isa = XCConfigurationList;
			buildConfigurations = (
				B939463A2C7657640037C35A /* Debug */,
				B939463B2C7657640037C35A /* Release */,
			);
			defaultConfigurationIsVisible = 0;
			defaultConfigurationName = Release;
		};
		B939463C2C7657640037C35A /* Build configuration list for PBXNativeTarget "Solis" */ = {
			isa = XCConfigurationList;
			buildConfigurations = (
				B939463D2C7657640037C35A /* Debug */,
				B939463E2C7657640037C35A /* Release */,
			);
			defaultConfigurationIsVisible = 0;
			defaultConfigurationName = Release;
		};
/* End XCConfigurationList section */
	};
	rootObject = B93946262C7657630037C35A /* Project object */;
}
